// !$*UTF8*$!
{
	archiveVersion = 1;
	classes = {
	};
	objectVersion = 46;
	objects = {

/* Begin PBXBuildFile section */
		FA84E50E1E6F0C8800A1C83B /* AppDelegate.swift in Sources */ = {isa = PBXBuildFile; fileRef = FA84E50D1E6F0C8800A1C83B /* AppDelegate.swift */; };
		FA84E5101E6F0C8800A1C83B /* ViewController.swift in Sources */ = {isa = PBXBuildFile; fileRef = FA84E50F1E6F0C8800A1C83B /* ViewController.swift */; };
		FA84E5131E6F0C8800A1C83B /* Main.storyboard in Resources */ = {isa = PBXBuildFile; fileRef = FA84E5111E6F0C8800A1C83B /* Main.storyboard */; };
		FA84E5151E6F0C8800A1C83B /* Assets.xcassets in Resources */ = {isa = PBXBuildFile; fileRef = FA84E5141E6F0C8800A1C83B /* Assets.xcassets */; };
		FA84E5181E6F0C8800A1C83B /* LaunchScreen.storyboard in Resources */ = {isa = PBXBuildFile; fileRef = FA84E5161E6F0C8800A1C83B /* LaunchScreen.storyboard */; };
		FA84E5231E6F0C8800A1C83B /* ReinClientTests.swift in Sources */ = {isa = PBXBuildFile; fileRef = FA84E5221E6F0C8800A1C83B /* ReinClientTests.swift */; };
/* End PBXBuildFile section */

/* Begin PBXContainerItemProxy section */
		FA84E51F1E6F0C8800A1C83B /* PBXContainerItemProxy */ = {
			isa = PBXContainerItemProxy;
			containerPortal = FA84E5021E6F0C8800A1C83B /* Project object */;
			proxyType = 1;
			remoteGlobalIDString = FA84E5091E6F0C8800A1C83B;
			remoteInfo = ReinClient;
		};
/* End PBXContainerItemProxy section */

/* Begin PBXFileReference section */
		FA84E50A1E6F0C8800A1C83B /* ReinClient.app */ = {isa = PBXFileReference; explicitFileType = wrapper.application; includeInIndex = 0; path = ReinClient.app; sourceTree = BUILT_PRODUCTS_DIR; };
		FA84E50D1E6F0C8800A1C83B /* AppDelegate.swift */ = {isa = PBXFileReference; lastKnownFileType = sourcecode.swift; path = AppDelegate.swift; sourceTree = "<group>"; };
		FA84E50F1E6F0C8800A1C83B /* ViewController.swift */ = {isa = PBXFileReference; lastKnownFileType = sourcecode.swift; path = ViewController.swift; sourceTree = "<group>"; };
		FA84E5121E6F0C8800A1C83B /* Base */ = {isa = PBXFileReference; lastKnownFileType = file.storyboard; name = Base; path = Base.lproj/Main.storyboard; sourceTree = "<group>"; };
		FA84E5141E6F0C8800A1C83B /* Assets.xcassets */ = {isa = PBXFileReference; lastKnownFileType = folder.assetcatalog; path = Assets.xcassets; sourceTree = "<group>"; };
		FA84E5171E6F0C8800A1C83B /* Base */ = {isa = PBXFileReference; lastKnownFileType = file.storyboard; name = Base; path = Base.lproj/LaunchScreen.storyboard; sourceTree = "<group>"; };
		FA84E5191E6F0C8800A1C83B /* Info.plist */ = {isa = PBXFileReference; lastKnownFileType = text.plist.xml; path = Info.plist; sourceTree = "<group>"; };
		FA84E51E1E6F0C8800A1C83B /* ReinClientTests.xctest */ = {isa = PBXFileReference; explicitFileType = wrapper.cfbundle; includeInIndex = 0; path = ReinClientTests.xctest; sourceTree = BUILT_PRODUCTS_DIR; };
		FA84E5221E6F0C8800A1C83B /* ReinClientTests.swift */ = {isa = PBXFileReference; lastKnownFileType = sourcecode.swift; path = ReinClientTests.swift; sourceTree = "<group>"; };
		FA84E5241E6F0C8800A1C83B /* Info.plist */ = {isa = PBXFileReference; lastKnownFileType = text.plist.xml; path = Info.plist; sourceTree = "<group>"; };
/* End PBXFileReference section */

/* Begin PBXFrameworksBuildPhase section */
		FA84E5071E6F0C8800A1C83B /* Frameworks */ = {
			isa = PBXFrameworksBuildPhase;
			buildActionMask = 2147483647;
			files = (
			);
			runOnlyForDeploymentPostprocessing = 0;
		};
		FA84E51B1E6F0C8800A1C83B /* Frameworks */ = {
			isa = PBXFrameworksBuildPhase;
			buildActionMask = 2147483647;
			files = (
			);
			runOnlyForDeploymentPostprocessing = 0;
		};
/* End PBXFrameworksBuildPhase section */

/* Begin PBXGroup section */
		FA84E5011E6F0C8800A1C83B = {
			isa = PBXGroup;
			children = (
				FA84E50C1E6F0C8800A1C83B /* ReinClient */,
				FA84E5211E6F0C8800A1C83B /* ReinClientTests */,
				FA84E50B1E6F0C8800A1C83B /* Products */,
			);
			sourceTree = "<group>";
		};
		FA84E50B1E6F0C8800A1C83B /* Products */ = {
			isa = PBXGroup;
			children = (
				FA84E50A1E6F0C8800A1C83B /* ReinClient.app */,
				FA84E51E1E6F0C8800A1C83B /* ReinClientTests.xctest */,
			);
			name = Products;
			sourceTree = "<group>";
		};
		FA84E50C1E6F0C8800A1C83B /* ReinClient */ = {
			isa = PBXGroup;
			children = (
				FA84E50D1E6F0C8800A1C83B /* AppDelegate.swift */,
				FA84E50F1E6F0C8800A1C83B /* ViewController.swift */,
				FA84E5111E6F0C8800A1C83B /* Main.storyboard */,
				FA84E5141E6F0C8800A1C83B /* Assets.xcassets */,
				FA84E5161E6F0C8800A1C83B /* LaunchScreen.storyboard */,
				FA84E5191E6F0C8800A1C83B /* Info.plist */,
			);
			path = ReinClient;
			sourceTree = "<group>";
		};
		FA84E5211E6F0C8800A1C83B /* ReinClientTests */ = {
			isa = PBXGroup;
			children = (
				FA84E5221E6F0C8800A1C83B /* ReinClientTests.swift */,
				FA84E5241E6F0C8800A1C83B /* Info.plist */,
			);
			path = ReinClientTests;
			sourceTree = "<group>";
		};
/* End PBXGroup section */

/* Begin PBXNativeTarget section */
		FA84E5091E6F0C8800A1C83B /* ReinClient */ = {
			isa = PBXNativeTarget;
			buildConfigurationList = FA84E5271E6F0C8800A1C83B /* Build configuration list for PBXNativeTarget "ReinClient" */;
			buildPhases = (
				FA84E5061E6F0C8800A1C83B /* Sources */,
				FA84E5071E6F0C8800A1C83B /* Frameworks */,
				FA84E5081E6F0C8800A1C83B /* Resources */,
			);
			buildRules = (
			);
			dependencies = (
			);
			name = ReinClient;
			productName = ReinClient;
			productReference = FA84E50A1E6F0C8800A1C83B /* ReinClient.app */;
			productType = "com.apple.product-type.application";
		};
		FA84E51D1E6F0C8800A1C83B /* ReinClientTests */ = {
			isa = PBXNativeTarget;
			buildConfigurationList = FA84E52A1E6F0C8800A1C83B /* Build configuration list for PBXNativeTarget "ReinClientTests" */;
			buildPhases = (
				FA84E51A1E6F0C8800A1C83B /* Sources */,
				FA84E51B1E6F0C8800A1C83B /* Frameworks */,
				FA84E51C1E6F0C8800A1C83B /* Resources */,
			);
			buildRules = (
			);
			dependencies = (
				FA84E5201E6F0C8800A1C83B /* PBXTargetDependency */,
			);
			name = ReinClientTests;
			productName = ReinClientTests;
			productReference = FA84E51E1E6F0C8800A1C83B /* ReinClientTests.xctest */;
			productType = "com.apple.product-type.bundle.unit-test";
		};
/* End PBXNativeTarget section */

/* Begin PBXProject section */
		FA84E5021E6F0C8800A1C83B /* Project object */ = {
			isa = PBXProject;
			attributes = {
				LastSwiftUpdateCheck = 0820;
				LastUpgradeCheck = 0820;
				ORGANIZATIONNAME = ads2alpha;
				TargetAttributes = {
					FA84E5091E6F0C8800A1C83B = {
						CreatedOnToolsVersion = 8.2.1;
						DevelopmentTeam = SY6PU7H2M7;
						ProvisioningStyle = Automatic;
					};
					FA84E51D1E6F0C8800A1C83B = {
						CreatedOnToolsVersion = 8.2.1;
						DevelopmentTeam = SY6PU7H2M7;
						ProvisioningStyle = Automatic;
						TestTargetID = FA84E5091E6F0C8800A1C83B;
					};
				};
			};
			buildConfigurationList = FA84E5051E6F0C8800A1C83B /* Build configuration list for PBXProject "ReinClient" */;
			compatibilityVersion = "Xcode 3.2";
			developmentRegion = English;
			hasScannedForEncodings = 0;
			knownRegions = (
				en,
				Base,
			);
			mainGroup = FA84E5011E6F0C8800A1C83B;
			productRefGroup = FA84E50B1E6F0C8800A1C83B /* Products */;
			projectDirPath = "";
			projectRoot = "";
			targets = (
				FA84E5091E6F0C8800A1C83B /* ReinClient */,
				FA84E51D1E6F0C8800A1C83B /* ReinClientTests */,
			);
		};
/* End PBXProject section */

/* Begin PBXResourcesBuildPhase section */
		FA84E5081E6F0C8800A1C83B /* Resources */ = {
			isa = PBXResourcesBuildPhase;
			buildActionMask = 2147483647;
			files = (
				FA84E5181E6F0C8800A1C83B /* LaunchScreen.storyboard in Resources */,
				FA84E5151E6F0C8800A1C83B /* Assets.xcassets in Resources */,
				FA84E5131E6F0C8800A1C83B /* Main.storyboard in Resources */,
			);
			runOnlyForDeploymentPostprocessing = 0;
		};
		FA84E51C1E6F0C8800A1C83B /* Resources */ = {
			isa = PBXResourcesBuildPhase;
			buildActionMask = 2147483647;
			files = (
			);
			runOnlyForDeploymentPostprocessing = 0;
		};
/* End PBXResourcesBuildPhase section */

/* Begin PBXSourcesBuildPhase section */
		FA84E5061E6F0C8800A1C83B /* Sources */ = {
			isa = PBXSourcesBuildPhase;
			buildActionMask = 2147483647;
			files = (
				FA84E5101E6F0C8800A1C83B /* ViewController.swift in Sources */,
				FA84E50E1E6F0C8800A1C83B /* AppDelegate.swift in Sources */,
			);
			runOnlyForDeploymentPostprocessing = 0;
		};
		FA84E51A1E6F0C8800A1C83B /* Sources */ = {
			isa = PBXSourcesBuildPhase;
			buildActionMask = 2147483647;
			files = (
				FA84E5231E6F0C8800A1C83B /* ReinClientTests.swift in Sources */,
			);
			runOnlyForDeploymentPostprocessing = 0;
		};
/* End PBXSourcesBuildPhase section */

/* Begin PBXTargetDependency section */
		FA84E5201E6F0C8800A1C83B /* PBXTargetDependency */ = {
			isa = PBXTargetDependency;
			target = FA84E5091E6F0C8800A1C83B /* ReinClient */;
			targetProxy = FA84E51F1E6F0C8800A1C83B /* PBXContainerItemProxy */;
		};
/* End PBXTargetDependency section */

/* Begin PBXVariantGroup section */
		FA84E5111E6F0C8800A1C83B /* Main.storyboard */ = {
			isa = PBXVariantGroup;
			children = (
				FA84E5121E6F0C8800A1C83B /* Base */,
			);
			name = Main.storyboard;
			sourceTree = "<group>";
		};
		FA84E5161E6F0C8800A1C83B /* LaunchScreen.storyboard */ = {
			isa = PBXVariantGroup;
			children = (
				FA84E5171E6F0C8800A1C83B /* Base */,
			);
			name = LaunchScreen.storyboard;
			sourceTree = "<group>";
		};
/* End PBXVariantGroup section */

/* Begin XCBuildConfiguration section */
		FA84E5251E6F0C8800A1C83B /* Debug */ = {
			isa = XCBuildConfiguration;
			buildSettings = {
				ALWAYS_SEARCH_USER_PATHS = NO;
				CLANG_ANALYZER_NONNULL = YES;
				CLANG_CXX_LANGUAGE_STANDARD = "gnu++0x";
				CLANG_CXX_LIBRARY = "libc++";
				CLANG_ENABLE_MODULES = YES;
				CLANG_ENABLE_OBJC_ARC = YES;
				CLANG_WARN_BOOL_CONVERSION = YES;
				CLANG_WARN_CONSTANT_CONVERSION = YES;
				CLANG_WARN_DIRECT_OBJC_ISA_USAGE = YES_ERROR;
				CLANG_WARN_DOCUMENTATION_COMMENTS = YES;
				CLANG_WARN_EMPTY_BODY = YES;
				CLANG_WARN_ENUM_CONVERSION = YES;
				CLANG_WARN_INFINITE_RECURSION = YES;
				CLANG_WARN_INT_CONVERSION = YES;
				CLANG_WARN_OBJC_ROOT_CLASS = YES_ERROR;
				CLANG_WARN_SUSPICIOUS_MOVE = YES;
				CLANG_WARN_UNREACHABLE_CODE = YES;
				CLANG_WARN__DUPLICATE_METHOD_MATCH = YES;
				"CODE_SIGN_IDENTITY[sdk=iphoneos*]" = "iPhone Developer";
				COPY_PHASE_STRIP = NO;
				DEBUG_INFORMATION_FORMAT = dwarf;
				ENABLE_STRICT_OBJC_MSGSEND = YES;
				ENABLE_TESTABILITY = YES;
				GCC_C_LANGUAGE_STANDARD = gnu99;
				GCC_DYNAMIC_NO_PIC = NO;
				GCC_NO_COMMON_BLOCKS = YES;
				GCC_OPTIMIZATION_LEVEL = 0;
				GCC_PREPROCESSOR_DEFINITIONS = (
					"DEBUG=1",
					"$(inherited)",
				);
				GCC_WARN_64_TO_32_BIT_CONVERSION = YES;
				GCC_WARN_ABOUT_RETURN_TYPE = YES_ERROR;
				GCC_WARN_UNDECLARED_SELECTOR = YES;
				GCC_WARN_UNINITIALIZED_AUTOS = YES_AGGRESSIVE;
				GCC_WARN_UNUSED_FUNCTION = YES;
				GCC_WARN_UNUSED_VARIABLE = YES;
				IPHONEOS_DEPLOYMENT_TARGET = 10.2;
				MTL_ENABLE_DEBUG_INFO = YES;
				ONLY_ACTIVE_ARCH = YES;
				SDKROOT = iphoneos;
				SWIFT_ACTIVE_COMPILATION_CONDITIONS = DEBUG;
				SWIFT_OPTIMIZATION_LEVEL = "-Onone";
				TARGETED_DEVICE_FAMILY = "1,2";
			};
			name = Debug;
		};
		FA84E5261E6F0C8800A1C83B /* Release */ = {
			isa = XCBuildConfiguration;
			buildSettings = {
				ALWAYS_SEARCH_USER_PATHS = NO;
				CLANG_ANALYZER_NONNULL = YES;
				CLANG_CXX_LANGUAGE_STANDARD = "gnu++0x";
				CLANG_CXX_LIBRARY = "libc++";
				CLANG_ENABLE_MODULES = YES;
				CLANG_ENABLE_OBJC_ARC = YES;
				CLANG_WARN_BOOL_CONVERSION = YES;
				CLANG_WARN_CONSTANT_CONVERSION = YES;
				CLANG_WARN_DIRECT_OBJC_ISA_USAGE = YES_ERROR;
				CLANG_WARN_DOCUMENTATION_COMMENTS = YES;
				CLANG_WARN_EMPTY_BODY = YES;
				CLANG_WARN_ENUM_CONVERSION = YES;
				CLANG_WARN_INFINITE_RECURSION = YES;
				CLANG_WARN_INT_CONVERSION = YES;
				CLANG_WARN_OBJC_ROOT_CLASS = YES_ERROR;
				CLANG_WARN_SUSPICIOUS_MOVE = YES;
				CLANG_WARN_UNREACHABLE_CODE = YES;
				CLANG_WARN__DUPLICATE_METHOD_MATCH = YES;
				"CODE_SIGN_IDENTITY[sdk=iphoneos*]" = "iPhone Developer";
				COPY_PHASE_STRIP = NO;
				DEBUG_INFORMATION_FORMAT = "dwarf-with-dsym";
				ENABLE_NS_ASSERTIONS = NO;
				ENABLE_STRICT_OBJC_MSGSEND = YES;
				GCC_C_LANGUAGE_STANDARD = gnu99;
				GCC_NO_COMMON_BLOCKS = YES;
				GCC_WARN_64_TO_32_BIT_CONVERSION = YES;
				GCC_WARN_ABOUT_RETURN_TYPE = YES_ERROR;
				GCC_WARN_UNDECLARED_SELECTOR = YES;
				GCC_WARN_UNINITIALIZED_AUTOS = YES_AGGRESSIVE;
				GCC_WARN_UNUSED_FUNCTION = YES;
				GCC_WARN_UNUSED_VARIABLE = YES;
				IPHONEOS_DEPLOYMENT_TARGET = 10.2;
				MTL_ENABLE_DEBUG_INFO = NO;
				SDKROOT = iphoneos;
				SWIFT_OPTIMIZATION_LEVEL = "-Owholemodule";
				TARGETED_DEVICE_FAMILY = "1,2";
				VALIDATE_PRODUCT = YES;
			};
			name = Release;
		};
		FA84E5281E6F0C8800A1C83B /* Debug */ = {
			isa = XCBuildConfiguration;
			buildSettings = {
				ASSETCATALOG_COMPILER_APPICON_NAME = AppIcon;
				DEVELOPMENT_TEAM = SY6PU7H2M7;
				INFOPLIST_FILE = ReinClient/Info.plist;
				LD_RUNPATH_SEARCH_PATHS = "$(inherited) @executable_path/Frameworks";
				PRODUCT_BUNDLE_IDENTIFIER = com.ads2alpha.ReinClient;
				PRODUCT_NAME = "$(TARGET_NAME)";
				SWIFT_VERSION = 3.0;
			};
			name = Debug;
		};
		FA84E5291E6F0C8800A1C83B /* Release */ = {
			isa = XCBuildConfiguration;
			buildSettings = {
				ASSETCATALOG_COMPILER_APPICON_NAME = AppIcon;
				DEVELOPMENT_TEAM = SY6PU7H2M7;
				INFOPLIST_FILE = ReinClient/Info.plist;
				LD_RUNPATH_SEARCH_PATHS = "$(inherited) @executable_path/Frameworks";
				PRODUCT_BUNDLE_IDENTIFIER = com.ads2alpha.ReinClient;
				PRODUCT_NAME = "$(TARGET_NAME)";
				SWIFT_VERSION = 3.0;
			};
			name = Release;
		};
		FA84E52B1E6F0C8800A1C83B /* Debug */ = {
			isa = XCBuildConfiguration;
			buildSettings = {
				ALWAYS_EMBED_SWIFT_STANDARD_LIBRARIES = YES;
				BUNDLE_LOADER = "$(TEST_HOST)";
				DEVELOPMENT_TEAM = SY6PU7H2M7;
				INFOPLIST_FILE = ReinClientTests/Info.plist;
				LD_RUNPATH_SEARCH_PATHS = "$(inherited) @executable_path/Frameworks @loader_path/Frameworks";
				PRODUCT_BUNDLE_IDENTIFIER = com.ads2alpha.ReinClientTests;
				PRODUCT_NAME = "$(TARGET_NAME)";
				SWIFT_VERSION = 3.0;
				TEST_HOST = "$(BUILT_PRODUCTS_DIR)/ReinClient.app/ReinClient";
			};
			name = Debug;
		};
		FA84E52C1E6F0C8800A1C83B /* Release */ = {
			isa = XCBuildConfiguration;
			buildSettings = {
				ALWAYS_EMBED_SWIFT_STANDARD_LIBRARIES = YES;
				BUNDLE_LOADER = "$(TEST_HOST)";
				DEVELOPMENT_TEAM = SY6PU7H2M7;
				INFOPLIST_FILE = ReinClientTests/Info.plist;
				LD_RUNPATH_SEARCH_PATHS = "$(inherited) @executable_path/Frameworks @loader_path/Frameworks";
				PRODUCT_BUNDLE_IDENTIFIER = com.ads2alpha.ReinClientTests;
				PRODUCT_NAME = "$(TARGET_NAME)";
				SWIFT_VERSION = 3.0;
				TEST_HOST = "$(BUILT_PRODUCTS_DIR)/ReinClient.app/ReinClient";
			};
			name = Release;
		};
/* End XCBuildConfiguration section */

/* Begin XCConfigurationList section */
		FA84E5051E6F0C8800A1C83B /* Build configuration list for PBXProject "ReinClient" */ = {
			isa = XCConfigurationList;
			buildConfigurations = (
				FA84E5251E6F0C8800A1C83B /* Debug */,
				FA84E5261E6F0C8800A1C83B /* Release */,
			);
			defaultConfigurationIsVisible = 0;
			defaultConfigurationName = Release;
		};
		FA84E5271E6F0C8800A1C83B /* Build configuration list for PBXNativeTarget "ReinClient" */ = {
			isa = XCConfigurationList;
			buildConfigurations = (
				FA84E5281E6F0C8800A1C83B /* Debug */,
				FA84E5291E6F0C8800A1C83B /* Release */,
			);
			defaultConfigurationIsVisible = 0;
		};
		FA84E52A1E6F0C8800A1C83B /* Build configuration list for PBXNativeTarget "ReinClientTests" */ = {
			isa = XCConfigurationList;
			buildConfigurations = (
				FA84E52B1E6F0C8800A1C83B /* Debug */,
				FA84E52C1E6F0C8800A1C83B /* Release */,
			);
			defaultConfigurationIsVisible = 0;
		};
/* End XCConfigurationList section */
	};
	rootObject = FA84E5021E6F0C8800A1C83B /* Project object */;
}
